
Microsoft Visual Studio Solution File, Format Version 12.00
# Visual Studio Version 16
VisualStudioVersion = 16.0.29001.49
MinimumVisualStudioVersion = 10.0.40219.1
Project("{FAE04EC0-301F-11D3-BF4B-00C04F79EFBC}") = "Moving Picture", "Moving Picture\Moving Picture.csproj", "{3B411418-4AE8-411D-BAEE-37FCD95BC257}"
EndProject
Global
	GlobalSection(SolutionConfigurationPlatforms) = preSolution
		Debug|Any CPU = Debug|Any CPU
		Release|Any CPU = Release|Any CPU
	EndGlobalSection
	GlobalSection(ProjectConfigurationPlatforms) = postSolution
		{3B411418-4AE8-411D-BAEE-37FCD95BC257}.Debug|Any CPU.ActiveCfg = Debug|Any CPU
		{3B411418-4AE8-411D-BAEE-37FCD95BC257}.Debug|Any CPU.Build.0 = Debug|Any CPU
		{3B411418-4AE8-411D-BAEE-37FCD95BC257}.Release|Any CPU.ActiveCfg = Release|Any CPU
		{3B411418-4AE8-411D-BAEE-37FCD95BC257}.Release|Any CPU.Build.0 = Release|Any CPU
	EndGlobalSection
	GlobalSection(SolutionProperties) = preSolution
		HideSolutionNode = FALSE
	EndGlobalSection
	GlobalSection(ExtensibilityGlobals) = postSolution
		SolutionGuid = {D90D1C69-6A80-4B91-AAE5-F68DA73543CE}
	EndGlobalSection
EndGlobal
